
Microsoft Visual Studio Solution File, Format Version 12.00
# Visual Studio 2010
Project("{8BC9CEB8-8B4A-11D0-8D11-00A0C91BC942}") = "OscMessageParser", "OscMessageParser\OscMessageParser.vcxproj", "{BB8E2337-7A9A-48E0-8255-A848C09A3BA3}"
EndProject
Project("{8BC9CEB8-8B4A-11D0-8D11-00A0C91BC942}") = "Demo", "Demo\Demo.vcxproj", "{E1AD9BB7-FD50-4D65-94EF-310AA5F22A4D}"
	ProjectSection(ProjectDependencies) = postProject
		{BB8E2337-7A9A-48E0-8255-A848C09A3BA3} = {BB8E2337-7A9A-48E0-8255-A848C09A3BA3}
	EndProjectSection
EndProject
Global
	GlobalSection(SolutionConfigurationPlatforms) = preSolution
		Debug|Win32 = Debug|Win32
		Release|Win32 = Release|Win32
	EndGlobalSection
	GlobalSection(ProjectConfigurationPlatforms) = postSolution
		{BB8E2337-7A9A-48E0-8255-A848C09A3BA3}.Debug|Win32.ActiveCfg = Debug|Win32
		{BB8E2337-7A9A-48E0-8255-A848C09A3BA3}.Debug|Win32.Build.0 = Debug|Win32
		{BB8E2337-7A9A-48E0-8255-A848C09A3BA3}.Release|Win32.ActiveCfg = Release|Win32
		{BB8E2337-7A9A-48E0-8255-A848C09A3BA3}.Release|Win32.Build.0 = Release|Win32
		{E1AD9BB7-FD50-4D65-94EF-310AA5F22A4D}.Debug|Win32.ActiveCfg = Debug|Win32
		{E1AD9BB7-FD50-4D65-94EF-310AA5F22A4D}.Debug|Win32.Build.0 = Debug|Win32
		{E1AD9BB7-FD50-4D65-94EF-310AA5F22A4D}.Release|Win32.ActiveCfg = Release|Win32
		{E1AD9BB7-FD50-4D65-94EF-310AA5F22A4D}.Release|Win32.Build.0 = Release|Win32
	EndGlobalSection
	GlobalSection(SolutionProperties) = preSolution
		HideSolutionNode = FALSE
	EndGlobalSection
EndGlobal
